
Microsoft Visual Studio Solution File, Format Version 12.00
# Visual Studio Version 17
VisualStudioVersion = 17.5.33502.453
MinimumVisualStudioVersion = 10.0.40219.1
Project("{FAE04EC0-301F-11D3-BF4B-00C04F79EFBC}") = "OpenCVEnvironmentVariableEasy", "OpenCVEnvironmentVariableEasy\OpenCVEnvironmentVariableEasy.csproj", "{BBFFC51D-498B-4AAA-B2F6-B4C4325FDB7D}"
EndProject
Global
	GlobalSection(SolutionConfigurationPlatforms) = preSolution
		Debug|Any CPU = Debug|Any CPU
		Release|Any CPU = Release|Any CPU
	EndGlobalSection
	GlobalSection(ProjectConfigurationPlatforms) = postSolution
		{BBFFC51D-498B-4AAA-B2F6-B4C4325FDB7D}.Debug|Any CPU.ActiveCfg = Debug|Any CPU
		{BBFFC51D-498B-4AAA-B2F6-B4C4325FDB7D}.Debug|Any CPU.Build.0 = Debug|Any CPU
		{BBFFC51D-498B-4AAA-B2F6-B4C4325FDB7D}.Release|Any CPU.ActiveCfg = Release|Any CPU
		{BBFFC51D-498B-4AAA-B2F6-B4C4325FDB7D}.Release|Any CPU.Build.0 = Release|Any CPU
	EndGlobalSection
	GlobalSection(SolutionProperties) = preSolution
		HideSolutionNode = FALSE
	EndGlobalSection
	GlobalSection(ExtensibilityGlobals) = postSolution
		SolutionGuid = {E0904885-D629-4E21-AD86-D15BB5D2F789}
	EndGlobalSection
EndGlobal
